
Microsoft Visual Studio Solution File, Format Version 12.00
# Visual Studio Version 17
VisualStudioVersion = 17.5.33627.172
MinimumVisualStudioVersion = 10.0.40219.1
Project("{9A19103F-16F7-4668-BE54-9A1E7A4F7556}") = "B&B_App", "B&B_App\B&B_App.csproj", "{9876FE52-F33B-471E-B6A5-ACD2184C3F2A}"
EndProject
Project("{FAE04EC0-301F-11D3-BF4B-00C04F79EFBC}") = "B&B_api", "B&B_api\B&B_api.csproj", "{878EAE7C-A1B6-47FA-B8F7-881A770B7D26}"
EndProject
Project("{FAE04EC0-301F-11D3-BF4B-00C04F79EFBC}") = "B&B_ClassLibrary", "B&B_ClassLibrary\B&B_ClassLibrary.csproj", "{C448A580-02A7-46FF-8B62-B8E0EBE50D71}"
EndProject
Global
	GlobalSection(SolutionConfigurationPlatforms) = preSolution
		Debug|Any CPU = Debug|Any CPU
		Release|Any CPU = Release|Any CPU
	EndGlobalSection
	GlobalSection(ProjectConfigurationPlatforms) = postSolution
		{9876FE52-F33B-471E-B6A5-ACD2184C3F2A}.Debug|Any CPU.ActiveCfg = Debug|Any CPU
		{9876FE52-F33B-471E-B6A5-ACD2184C3F2A}.Debug|Any CPU.Build.0 = Debug|Any CPU
		{9876FE52-F33B-471E-B6A5-ACD2184C3F2A}.Release|Any CPU.ActiveCfg = Release|Any CPU
		{9876FE52-F33B-471E-B6A5-ACD2184C3F2A}.Release|Any CPU.Build.0 = Release|Any CPU
		{878EAE7C-A1B6-47FA-B8F7-881A770B7D26}.Debug|Any CPU.ActiveCfg = Debug|Any CPU
		{878EAE7C-A1B6-47FA-B8F7-881A770B7D26}.Debug|Any CPU.Build.0 = Debug|Any CPU
		{878EAE7C-A1B6-47FA-B8F7-881A770B7D26}.Release|Any CPU.ActiveCfg = Release|Any CPU
		{878EAE7C-A1B6-47FA-B8F7-881A770B7D26}.Release|Any CPU.Build.0 = Release|Any CPU
	EndGlobalSection
	GlobalSection(SolutionProperties) = preSolution
		HideSolutionNode = FALSE
	EndGlobalSection
	GlobalSection(ExtensibilityGlobals) = postSolution
		SolutionGuid = {239E5AF5-920E-4A2B-B50C-9D03959F2EA4}
	EndGlobalSection
EndGlobal
